
Microsoft Visual Studio Solution File, Format Version 12.00
# Visual Studio Version 16
VisualStudioVersion = 16.0.28922.388
MinimumVisualStudioVersion = 10.0.40219.1
Project("{FAE04EC0-301F-11D3-BF4B-00C04F79EFBC}") = "Server", "Server\Server.csproj", "{BB6F4A40-A9E4-43DE-AE56-61F28399E808}"
EndProject
Project("{FAE04EC0-301F-11D3-BF4B-00C04F79EFBC}") = "Client", "Client\Client.csproj", "{9E08BBF9-F1AC-422E-B5E1-1CB602EBC258}"
EndProject
Project("{FAE04EC0-301F-11D3-BF4B-00C04F79EFBC}") = "Common", "Common\Common.csproj", "{B72F91CF-E995-4E2E-888D-0224F2685369}"
EndProject
Global
	GlobalSection(SolutionConfigurationPlatforms) = preSolution
		Debug|Any CPU = Debug|Any CPU
		Release|Any CPU = Release|Any CPU
	EndGlobalSection
	GlobalSection(ProjectConfigurationPlatforms) = postSolution
		{BB6F4A40-A9E4-43DE-AE56-61F28399E808}.Debug|Any CPU.ActiveCfg = Debug|Any CPU
		{BB6F4A40-A9E4-43DE-AE56-61F28399E808}.Debug|Any CPU.Build.0 = Debug|Any CPU
		{BB6F4A40-A9E4-43DE-AE56-61F28399E808}.Release|Any CPU.ActiveCfg = Release|Any CPU
		{BB6F4A40-A9E4-43DE-AE56-61F28399E808}.Release|Any CPU.Build.0 = Release|Any CPU
		{9E08BBF9-F1AC-422E-B5E1-1CB602EBC258}.Debug|Any CPU.ActiveCfg = Debug|Any CPU
		{9E08BBF9-F1AC-422E-B5E1-1CB602EBC258}.Debug|Any CPU.Build.0 = Debug|Any CPU
		{9E08BBF9-F1AC-422E-B5E1-1CB602EBC258}.Release|Any CPU.ActiveCfg = Release|Any CPU
		{9E08BBF9-F1AC-422E-B5E1-1CB602EBC258}.Release|Any CPU.Build.0 = Release|Any CPU
		{B72F91CF-E995-4E2E-888D-0224F2685369}.Debug|Any CPU.ActiveCfg = Debug|Any CPU
		{B72F91CF-E995-4E2E-888D-0224F2685369}.Debug|Any CPU.Build.0 = Debug|Any CPU
		{B72F91CF-E995-4E2E-888D-0224F2685369}.Release|Any CPU.ActiveCfg = Release|Any CPU
		{B72F91CF-E995-4E2E-888D-0224F2685369}.Release|Any CPU.Build.0 = Release|Any CPU
	EndGlobalSection
	GlobalSection(SolutionProperties) = preSolution
		HideSolutionNode = FALSE
	EndGlobalSection
	GlobalSection(ExtensibilityGlobals) = postSolution
		SolutionGuid = {7EB675F6-307E-484E-8703-5F64DB162F2A}
	EndGlobalSection
EndGlobal
